
Microsoft Visual Studio Solution File, Format Version 12.00
# Visual Studio 15
VisualStudioVersion = 15.0.28010.2048
MinimumVisualStudioVersion = 10.0.40219.1
Project("{FAE04EC0-301F-11D3-BF4B-00C04F79EFBC}") = "MailServer", "MailServer\MailServer.csproj", "{701EBF20-A358-402C-9A89-E93EFA909183}"
EndProject
Global
	GlobalSection(SolutionConfigurationPlatforms) = preSolution
		Debug|Any CPU = Debug|Any CPU
		Release|Any CPU = Release|Any CPU
	EndGlobalSection
	GlobalSection(ProjectConfigurationPlatforms) = postSolution
		{701EBF20-A358-402C-9A89-E93EFA909183}.Debug|Any CPU.ActiveCfg = Debug|Any CPU
		{701EBF20-A358-402C-9A89-E93EFA909183}.Debug|Any CPU.Build.0 = Debug|Any CPU
		{701EBF20-A358-402C-9A89-E93EFA909183}.Release|Any CPU.ActiveCfg = Release|Any CPU
		{701EBF20-A358-402C-9A89-E93EFA909183}.Release|Any CPU.Build.0 = Release|Any CPU
	EndGlobalSection
	GlobalSection(SolutionProperties) = preSolution
		HideSolutionNode = FALSE
	EndGlobalSection
	GlobalSection(ExtensibilityGlobals) = postSolution
		SolutionGuid = {2000164D-2916-4C97-A28E-6B78AAF5FF86}
	EndGlobalSection
EndGlobal
